
Microsoft Visual Studio Solution File, Format Version 12.00
# Visual Studio Version 17
VisualStudioVersion = 17.0.31912.275
MinimumVisualStudioVersion = 10.0.40219.1
Project("{2150E333-8FDC-42A3-9474-1A3956D46DE8}") = "Services", "Services", "{C7CE322A-4F00-4A2E-B57F-6FD7DB565EC5}"
EndProject
Project("{2150E333-8FDC-42A3-9474-1A3956D46DE8}") = "Catalog", "Catalog", "{9AEAEEBF-194C-4E1D-9BF5-92B7ADD5D3C4}"
EndProject
Project("{9A19103F-16F7-4668-BE54-9A1E7A4F7556}") = "Catalog.API", "Services\Catalog\Catalog.API\Catalog.API.csproj", "{85EFAF0B-6EF9-4373-83EC-03686094C00D}"
EndProject
Project("{E53339B2-1760-4266-BCC7-CA923CBCF16C}") = "docker-compose", "docker-compose.dcproj", "{FDB6B1F0-819C-41DE-B24B-8AF8B39970DD}"
EndProject
Project("{2150E333-8FDC-42A3-9474-1A3956D46DE8}") = "Basket", "Basket", "{13327203-0C8F-41FF-AB81-776C11F66416}"
EndProject
Project("{9A19103F-16F7-4668-BE54-9A1E7A4F7556}") = "Basket.API", "Services\Basket\Basket.API\Basket.API.csproj", "{70241FAE-321A-443A-A065-BD6ED61E803A}"
EndProject
Project("{2150E333-8FDC-42A3-9474-1A3956D46DE8}") = "Discount", "Discount", "{06F1D77B-755D-44A3-92FC-5E7AA4EDAF14}"
EndProject
Project("{9A19103F-16F7-4668-BE54-9A1E7A4F7556}") = "Discount.API", "Services\Discount\Discount.API\Discount.API.csproj", "{EE08C702-88D2-4ACD-B935-7E9B4B158C4F}"
EndProject
Project("{9A19103F-16F7-4668-BE54-9A1E7A4F7556}") = "Discount.Grpc", "Services\Discount\Discount.Grpc\Discount.Grpc.csproj", "{F1909C9A-9D4D-4F86-A2BD-9B5FD4566FB5}"
EndProject
Project("{2150E333-8FDC-42A3-9474-1A3956D46DE8}") = "Ordering", "Ordering", "{4EB42C5A-453F-490F-8692-7C8375B10C52}"
EndProject
Project("{9A19103F-16F7-4668-BE54-9A1E7A4F7556}") = "Ordering.API", "Services\Ordering\Ordering.API\Ordering.API.csproj", "{DB99FBA5-6F9C-47DC-BBC4-E5B47FA386C3}"
EndProject
Project("{9A19103F-16F7-4668-BE54-9A1E7A4F7556}") = "Ordering.Domain", "Services\Ordering\Ordering.Domain\Ordering.Domain.csproj", "{A9FB42DF-6EC3-47D2-9B9A-D019F63BB092}"
EndProject
Project("{9A19103F-16F7-4668-BE54-9A1E7A4F7556}") = "Ordering.Application", "Services\Ordering\Ordering.Application\Ordering.Application.csproj", "{7398FF5D-6059-4EA6-876C-415B43853AF3}"
EndProject
Project("{9A19103F-16F7-4668-BE54-9A1E7A4F7556}") = "Ordering.Infrastructure", "Services\Ordering\Ordering.Infrastructure\Ordering.Infrastructure.csproj", "{CACC95DD-9EEF-4FEC-A07F-1AD5F1B09E20}"
EndProject
Project("{2150E333-8FDC-42A3-9474-1A3956D46DE8}") = "BuildingBlocks", "BuildingBlocks", "{0047C775-24B0-4954-BE94-A955A9A0BBFD}"
EndProject
Project("{9A19103F-16F7-4668-BE54-9A1E7A4F7556}") = "EventBus.Messages", "BuildingBlocks\EventBus.Messages\EventBus.Messages.csproj", "{FF11EF9D-5B61-4AB2-AE92-4C98C82EFB7D}"
EndProject
Project("{2150E333-8FDC-42A3-9474-1A3956D46DE8}") = "ApiGateways", "ApiGateways", "{EF280AF8-6689-4645-9C94-A16635EF9036}"
EndProject
Project("{9A19103F-16F7-4668-BE54-9A1E7A4F7556}") = "OcelotApiGw", "ApiGateways\OcelotApiGw\OcelotApiGw.csproj", "{D2D6DA67-8913-4771-B1A6-F51251680A05}"
EndProject
Project("{FAE04EC0-301F-11D3-BF4B-00C04F79EFBC}") = "Shopping.Aggregator", "ApiGateways\Shopping.Aggregator\Shopping.Aggregator.csproj", "{8C8FF4AD-0462-420A-859C-D82BC6E53FC1}"
EndProject
Global
	GlobalSection(SolutionConfigurationPlatforms) = preSolution
		Debug|Any CPU = Debug|Any CPU
		Release|Any CPU = Release|Any CPU
	EndGlobalSection
	GlobalSection(ProjectConfigurationPlatforms) = postSolution
		{85EFAF0B-6EF9-4373-83EC-03686094C00D}.Debug|Any CPU.ActiveCfg = Debug|Any CPU
		{85EFAF0B-6EF9-4373-83EC-03686094C00D}.Debug|Any CPU.Build.0 = Debug|Any CPU
		{85EFAF0B-6EF9-4373-83EC-03686094C00D}.Release|Any CPU.ActiveCfg = Release|Any CPU
		{85EFAF0B-6EF9-4373-83EC-03686094C00D}.Release|Any CPU.Build.0 = Release|Any CPU
		{FDB6B1F0-819C-41DE-B24B-8AF8B39970DD}.Debug|Any CPU.ActiveCfg = Debug|Any CPU
		{FDB6B1F0-819C-41DE-B24B-8AF8B39970DD}.Debug|Any CPU.Build.0 = Debug|Any CPU
		{FDB6B1F0-819C-41DE-B24B-8AF8B39970DD}.Release|Any CPU.ActiveCfg = Release|Any CPU
		{FDB6B1F0-819C-41DE-B24B-8AF8B39970DD}.Release|Any CPU.Build.0 = Release|Any CPU
		{70241FAE-321A-443A-A065-BD6ED61E803A}.Debug|Any CPU.ActiveCfg = Debug|Any CPU
		{70241FAE-321A-443A-A065-BD6ED61E803A}.Debug|Any CPU.Build.0 = Debug|Any CPU
		{70241FAE-321A-443A-A065-BD6ED61E803A}.Release|Any CPU.ActiveCfg = Release|Any CPU
		{70241FAE-321A-443A-A065-BD6ED61E803A}.Release|Any CPU.Build.0 = Release|Any CPU
		{EE08C702-88D2-4ACD-B935-7E9B4B158C4F}.Debug|Any CPU.ActiveCfg = Debug|Any CPU
		{EE08C702-88D2-4ACD-B935-7E9B4B158C4F}.Debug|Any CPU.Build.0 = Debug|Any CPU
		{EE08C702-88D2-4ACD-B935-7E9B4B158C4F}.Release|Any CPU.ActiveCfg = Release|Any CPU
		{EE08C702-88D2-4ACD-B935-7E9B4B158C4F}.Release|Any CPU.Build.0 = Release|Any CPU
		{F1909C9A-9D4D-4F86-A2BD-9B5FD4566FB5}.Debug|Any CPU.ActiveCfg = Debug|Any CPU
		{F1909C9A-9D4D-4F86-A2BD-9B5FD4566FB5}.Debug|Any CPU.Build.0 = Debug|Any CPU
		{F1909C9A-9D4D-4F86-A2BD-9B5FD4566FB5}.Release|Any CPU.ActiveCfg = Release|Any CPU
		{F1909C9A-9D4D-4F86-A2BD-9B5FD4566FB5}.Release|Any CPU.Build.0 = Release|Any CPU
		{DB99FBA5-6F9C-47DC-BBC4-E5B47FA386C3}.Debug|Any CPU.ActiveCfg = Debug|Any CPU
		{DB99FBA5-6F9C-47DC-BBC4-E5B47FA386C3}.Debug|Any CPU.Build.0 = Debug|Any CPU
		{DB99FBA5-6F9C-47DC-BBC4-E5B47FA386C3}.Release|Any CPU.ActiveCfg = Release|Any CPU
		{DB99FBA5-6F9C-47DC-BBC4-E5B47FA386C3}.Release|Any CPU.Build.0 = Release|Any CPU
		{A9FB42DF-6EC3-47D2-9B9A-D019F63BB092}.Debug|Any CPU.ActiveCfg = Debug|Any CPU
		{A9FB42DF-6EC3-47D2-9B9A-D019F63BB092}.Debug|Any CPU.Build.0 = Debug|Any CPU
		{A9FB42DF-6EC3-47D2-9B9A-D019F63BB092}.Release|Any CPU.ActiveCfg = Release|Any CPU
		{A9FB42DF-6EC3-47D2-9B9A-D019F63BB092}.Release|Any CPU.Build.0 = Release|Any CPU
		{7398FF5D-6059-4EA6-876C-415B43853AF3}.Debug|Any CPU.ActiveCfg = Debug|Any CPU
		{7398FF5D-6059-4EA6-876C-415B43853AF3}.Debug|Any CPU.Build.0 = Debug|Any CPU
		{7398FF5D-6059-4EA6-876C-415B43853AF3}.Release|Any CPU.ActiveCfg = Release|Any CPU
		{7398FF5D-6059-4EA6-876C-415B43853AF3}.Release|Any CPU.Build.0 = Release|Any CPU
		{CACC95DD-9EEF-4FEC-A07F-1AD5F1B09E20}.Debug|Any CPU.ActiveCfg = Debug|Any CPU
		{CACC95DD-9EEF-4FEC-A07F-1AD5F1B09E20}.Debug|Any CPU.Build.0 = Debug|Any CPU
		{CACC95DD-9EEF-4FEC-A07F-1AD5F1B09E20}.Release|Any CPU.ActiveCfg = Release|Any CPU
		{CACC95DD-9EEF-4FEC-A07F-1AD5F1B09E20}.Release|Any CPU.Build.0 = Release|Any CPU
		{FF11EF9D-5B61-4AB2-AE92-4C98C82EFB7D}.Debug|Any CPU.ActiveCfg = Debug|Any CPU
		{FF11EF9D-5B61-4AB2-AE92-4C98C82EFB7D}.Debug|Any CPU.Build.0 = Debug|Any CPU
		{FF11EF9D-5B61-4AB2-AE92-4C98C82EFB7D}.Release|Any CPU.ActiveCfg = Release|Any CPU
		{FF11EF9D-5B61-4AB2-AE92-4C98C82EFB7D}.Release|Any CPU.Build.0 = Release|Any CPU
		{D2D6DA67-8913-4771-B1A6-F51251680A05}.Debug|Any CPU.ActiveCfg = Debug|Any CPU
		{D2D6DA67-8913-4771-B1A6-F51251680A05}.Debug|Any CPU.Build.0 = Debug|Any CPU
		{D2D6DA67-8913-4771-B1A6-F51251680A05}.Release|Any CPU.ActiveCfg = Release|Any CPU
		{D2D6DA67-8913-4771-B1A6-F51251680A05}.Release|Any CPU.Build.0 = Release|Any CPU
		{8C8FF4AD-0462-420A-859C-D82BC6E53FC1}.Debug|Any CPU.ActiveCfg = Debug|Any CPU
		{8C8FF4AD-0462-420A-859C-D82BC6E53FC1}.Debug|Any CPU.Build.0 = Debug|Any CPU
		{8C8FF4AD-0462-420A-859C-D82BC6E53FC1}.Release|Any CPU.ActiveCfg = Release|Any CPU
		{8C8FF4AD-0462-420A-859C-D82BC6E53FC1}.Release|Any CPU.Build.0 = Release|Any CPU
	EndGlobalSection
	GlobalSection(SolutionProperties) = preSolution
		HideSolutionNode = FALSE
	EndGlobalSection
	GlobalSection(NestedProjects) = preSolution
		{9AEAEEBF-194C-4E1D-9BF5-92B7ADD5D3C4} = {C7CE322A-4F00-4A2E-B57F-6FD7DB565EC5}
		{85EFAF0B-6EF9-4373-83EC-03686094C00D} = {9AEAEEBF-194C-4E1D-9BF5-92B7ADD5D3C4}
		{13327203-0C8F-41FF-AB81-776C11F66416} = {C7CE322A-4F00-4A2E-B57F-6FD7DB565EC5}
		{70241FAE-321A-443A-A065-BD6ED61E803A} = {13327203-0C8F-41FF-AB81-776C11F66416}
		{06F1D77B-755D-44A3-92FC-5E7AA4EDAF14} = {C7CE322A-4F00-4A2E-B57F-6FD7DB565EC5}
		{EE08C702-88D2-4ACD-B935-7E9B4B158C4F} = {06F1D77B-755D-44A3-92FC-5E7AA4EDAF14}
		{F1909C9A-9D4D-4F86-A2BD-9B5FD4566FB5} = {06F1D77B-755D-44A3-92FC-5E7AA4EDAF14}
		{4EB42C5A-453F-490F-8692-7C8375B10C52} = {C7CE322A-4F00-4A2E-B57F-6FD7DB565EC5}
		{DB99FBA5-6F9C-47DC-BBC4-E5B47FA386C3} = {4EB42C5A-453F-490F-8692-7C8375B10C52}
		{A9FB42DF-6EC3-47D2-9B9A-D019F63BB092} = {4EB42C5A-453F-490F-8692-7C8375B10C52}
		{7398FF5D-6059-4EA6-876C-415B43853AF3} = {4EB42C5A-453F-490F-8692-7C8375B10C52}
		{CACC95DD-9EEF-4FEC-A07F-1AD5F1B09E20} = {4EB42C5A-453F-490F-8692-7C8375B10C52}
		{FF11EF9D-5B61-4AB2-AE92-4C98C82EFB7D} = {0047C775-24B0-4954-BE94-A955A9A0BBFD}
		{D2D6DA67-8913-4771-B1A6-F51251680A05} = {EF280AF8-6689-4645-9C94-A16635EF9036}
		{8C8FF4AD-0462-420A-859C-D82BC6E53FC1} = {EF280AF8-6689-4645-9C94-A16635EF9036}
	EndGlobalSection
	GlobalSection(ExtensibilityGlobals) = postSolution
		SolutionGuid = {AC723FE3-8794-4387-A671-DAFFA6817754}
	EndGlobalSection
EndGlobal
